
Microsoft Visual Studio Solution File, Format Version 12.00
# Visual Studio Version 17
VisualStudioVersion = 17.3.32819.101
MinimumVisualStudioVersion = 10.0.40219.1
Project("{FAE04EC0-301F-11D3-BF4B-00C04F79EFBC}") = "Kattis_Query", "Kattis_Query\Kattis_Query.csproj", "{122349E7-54AE-40F7-B2E5-A736697E3515}"
EndProject
Global
	GlobalSection(SolutionConfigurationPlatforms) = preSolution
		Debug|Any CPU = Debug|Any CPU
		Release|Any CPU = Release|Any CPU
	EndGlobalSection
	GlobalSection(ProjectConfigurationPlatforms) = postSolution
		{122349E7-54AE-40F7-B2E5-A736697E3515}.Debug|Any CPU.ActiveCfg = Debug|Any CPU
		{122349E7-54AE-40F7-B2E5-A736697E3515}.Debug|Any CPU.Build.0 = Debug|Any CPU
		{122349E7-54AE-40F7-B2E5-A736697E3515}.Release|Any CPU.ActiveCfg = Release|Any CPU
		{122349E7-54AE-40F7-B2E5-A736697E3515}.Release|Any CPU.Build.0 = Release|Any CPU
	EndGlobalSection
	GlobalSection(SolutionProperties) = preSolution
		HideSolutionNode = FALSE
	EndGlobalSection
	GlobalSection(ExtensibilityGlobals) = postSolution
		SolutionGuid = {4BD4F106-212B-4B33-A54E-5CA7DCF2D110}
	EndGlobalSection
EndGlobal
